// !$*UTF8*$!
{
	archiveVersion = 1;
	classes = {
	};
	objectVersion = 56;
	objects = {

/* Begin PBXBuildFile section */
		000119EC2BADFFB500CDA53D /* APISettingsView.swift in Sources */ = {isa = PBXBuildFile; fileRef = 000119EB2BADFFB500CDA53D /* APISettingsView.swift */; };
		000119EE2BAE12E400CDA53D /* AudioPlayerService.swift in Sources */ = {isa = PBXBuildFile; fileRef = 000119ED2BAE12E400CDA53D /* AudioPlayerService.swift */; };
		000119F02BAE141000CDA53D /* honk.mp3 in Resources */ = {isa = PBXBuildFile; fileRef = 000119EF2BAE141000CDA53D /* honk.mp3 */; };
		001C544D2BA7070E0044FE3B /* StatusItem.swift in Sources */ = {isa = PBXBuildFile; fileRef = 001C544C2BA7070E0044FE3B /* StatusItem.swift */; };
		001C544F2BA7082C0044FE3B /* StatusItemService.swift in Sources */ = {isa = PBXBuildFile; fileRef = 001C544E2BA7082C0044FE3B /* StatusItemService.swift */; };
		001F1DCD2BB4699400B24D05 /* WelcomeView.swift in Sources */ = {isa = PBXBuildFile; fileRef = 001F1DCC2BB4699400B24D05 /* WelcomeView.swift */; };
		004065682BA1FF8700E6339A /* GooseApp.swift in Sources */ = {isa = PBXBuildFile; fileRef = 004065672BA1FF8700E6339A /* GooseApp.swift */; };
		0040656A2BA1FF8700E6339A /* ContentView.swift in Sources */ = {isa = PBXBuildFile; fileRef = 004065692BA1FF8700E6339A /* ContentView.swift */; };
		0040656C2BA1FF8800E6339A /* Assets.xcassets in Resources */ = {isa = PBXBuildFile; fileRef = 0040656B2BA1FF8800E6339A /* Assets.xcassets */; };
		0040656F2BA1FF8800E6339A /* Preview Assets.xcassets in Resources */ = {isa = PBXBuildFile; fileRef = 0040656E2BA1FF8800E6339A /* Preview Assets.xcassets */; };
		004065712BA1FF8800E6339A /* Persistence.swift in Sources */ = {isa = PBXBuildFile; fileRef = 004065702BA1FF8800E6339A /* Persistence.swift */; };
		004065742BA1FF8800E6339A /* Goose.xcdatamodeld in Sources */ = {isa = PBXBuildFile; fileRef = 004065722BA1FF8800E6339A /* Goose.xcdatamodeld */; };
		0040657D2BA1FFA900E6339A /* AppDelegate.swift in Sources */ = {isa = PBXBuildFile; fileRef = 0040657C2BA1FFA900E6339A /* AppDelegate.swift */; };
		004065802BA21B2200E6339A /* FloatingPanelView.swift in Sources */ = {isa = PBXBuildFile; fileRef = 0040657F2BA21B2200E6339A /* FloatingPanelView.swift */; };
		004065822BA21B5A00E6339A /* AppMetadataView.swift in Sources */ = {isa = PBXBuildFile; fileRef = 004065812BA21B5A00E6339A /* AppMetadataView.swift */; };
		004065852BA21B8800E6339A /* LaunchAtLogin in Frameworks */ = {isa = PBXBuildFile; productRef = 004065842BA21B8800E6339A /* LaunchAtLogin */; };
		004065872BA22E2A00E6339A /* AppService.swift in Sources */ = {isa = PBXBuildFile; fileRef = 004065862BA22E2A00E6339A /* AppService.swift */; };
		004065892BA231A800E6339A /* MissingPermissionButton.swift in Sources */ = {isa = PBXBuildFile; fileRef = 004065882BA231A800E6339A /* MissingPermissionButton.swift */; };
		0040658D2BA237D800E6339A /* PermissionService.swift in Sources */ = {isa = PBXBuildFile; fileRef = 0040658C2BA237D800E6339A /* PermissionService.swift */; };
		0040658F2BA2388C00E6339A /* AppDetailView.swift in Sources */ = {isa = PBXBuildFile; fileRef = 0040658E2BA2388C00E6339A /* AppDetailView.swift */; };
		004065912BA23A4000E6339A /* MonitorService.swift in Sources */ = {isa = PBXBuildFile; fileRef = 004065902BA23A4000E6339A /* MonitorService.swift */; };
		006949F12BA3A847006B2DE0 /* SettingsView.swift in Sources */ = {isa = PBXBuildFile; fileRef = 006949F02BA3A847006B2DE0 /* SettingsView.swift */; };
		00770C7F2BBB281E00A5AFEC /* PermissionView.swift in Sources */ = {isa = PBXBuildFile; fileRef = 00770C7E2BBB281E00A5AFEC /* PermissionView.swift */; };
		008B161B2BB18FCF00B6F4A0 /* Userdefaults_Ext.swift in Sources */ = {isa = PBXBuildFile; fileRef = 008B161A2BB18FCF00B6F4A0 /* Userdefaults_Ext.swift */; };
		00AAEE4E2BC85BEB00B1D629 /* README.md in Resources */ = {isa = PBXBuildFile; fileRef = 00AAEE4D2BC85BEB00B1D629 /* README.md */; };
		00C0655A2BACCBF20073B657 /* BundleImage_Ext.swift in Sources */ = {isa = PBXBuildFile; fileRef = 00C065592BACCBF20073B657 /* BundleImage_Ext.swift */; };
		00C0655C2BACD8B20073B657 /* AboutView.swift in Sources */ = {isa = PBXBuildFile; fileRef = 00C0655B2BACD8B20073B657 /* AboutView.swift */; };
		00E4E85F2BA50B94004C4DDB /* CodeViewer in Frameworks */ = {isa = PBXBuildFile; productRef = 00E4E85E2BA50B94004C4DDB /* CodeViewer */; };
		00FFEE702BB8498900E0D9E6 /* Logger.swift in Sources */ = {isa = PBXBuildFile; fileRef = 00FFEE6F2BB8498900E0D9E6 /* Logger.swift */; };
		00FFEE722BB84B5E00E0D9E6 /* Sandbox.swift in Sources */ = {isa = PBXBuildFile; fileRef = 00FFEE712BB84B5E00E0D9E6 /* Sandbox.swift */; };
/* End PBXBuildFile section */

/* Begin PBXFileReference section */
		000119EB2BADFFB500CDA53D /* APISettingsView.swift */ = {isa = PBXFileReference; lastKnownFileType = sourcecode.swift; path = APISettingsView.swift; sourceTree = "<group>"; };
		000119ED2BAE12E400CDA53D /* AudioPlayerService.swift */ = {isa = PBXFileReference; lastKnownFileType = sourcecode.swift; path = AudioPlayerService.swift; sourceTree = "<group>"; };
		000119EF2BAE141000CDA53D /* honk.mp3 */ = {isa = PBXFileReference; lastKnownFileType = audio.mp3; path = honk.mp3; sourceTree = "<group>"; };
		001C544C2BA7070E0044FE3B /* StatusItem.swift */ = {isa = PBXFileReference; lastKnownFileType = sourcecode.swift; path = StatusItem.swift; sourceTree = "<group>"; };
		001C544E2BA7082C0044FE3B /* StatusItemService.swift */ = {isa = PBXFileReference; lastKnownFileType = sourcecode.swift; path = StatusItemService.swift; sourceTree = "<group>"; };
		001F1DCC2BB4699400B24D05 /* WelcomeView.swift */ = {isa = PBXFileReference; lastKnownFileType = sourcecode.swift; path = WelcomeView.swift; sourceTree = "<group>"; };
		004065642BA1FF8700E6339A /* Goose.app */ = {isa = PBXFileReference; explicitFileType = wrapper.application; includeInIndex = 0; path = Goose.app; sourceTree = BUILT_PRODUCTS_DIR; };
		004065672BA1FF8700E6339A /* GooseApp.swift */ = {isa = PBXFileReference; lastKnownFileType = sourcecode.swift; path = GooseApp.swift; sourceTree = "<group>"; };
		004065692BA1FF8700E6339A /* ContentView.swift */ = {isa = PBXFileReference; lastKnownFileType = sourcecode.swift; path = ContentView.swift; sourceTree = "<group>"; };
		0040656B2BA1FF8800E6339A /* Assets.xcassets */ = {isa = PBXFileReference; lastKnownFileType = folder.assetcatalog; path = Assets.xcassets; sourceTree = "<group>"; };
		0040656E2BA1FF8800E6339A /* Preview Assets.xcassets */ = {isa = PBXFileReference; lastKnownFileType = folder.assetcatalog; path = "Preview Assets.xcassets"; sourceTree = "<group>"; };
		004065702BA1FF8800E6339A /* Persistence.swift */ = {isa = PBXFileReference; lastKnownFileType = sourcecode.swift; path = Persistence.swift; sourceTree = "<group>"; };
		004065732BA1FF8800E6339A /* Goose.xcdatamodel */ = {isa = PBXFileReference; lastKnownFileType = wrapper.xcdatamodel; path = Goose.xcdatamodel; sourceTree = "<group>"; };
		004065752BA1FF8800E6339A /* Goose.entitlements */ = {isa = PBXFileReference; lastKnownFileType = text.plist.entitlements; path = Goose.entitlements; sourceTree = "<group>"; };
		0040657C2BA1FFA900E6339A /* AppDelegate.swift */ = {isa = PBXFileReference; lastKnownFileType = sourcecode.swift; path = AppDelegate.swift; sourceTree = "<group>"; };
		0040657F2BA21B2200E6339A /* FloatingPanelView.swift */ = {isa = PBXFileReference; lastKnownFileType = sourcecode.swift; path = FloatingPanelView.swift; sourceTree = "<group>"; };
		004065812BA21B5A00E6339A /* AppMetadataView.swift */ = {isa = PBXFileReference; lastKnownFileType = sourcecode.swift; path = AppMetadataView.swift; sourceTree = "<group>"; };
		004065862BA22E2A00E6339A /* AppService.swift */ = {isa = PBXFileReference; lastKnownFileType = sourcecode.swift; path = AppService.swift; sourceTree = "<group>"; };
		004065882BA231A800E6339A /* MissingPermissionButton.swift */ = {isa = PBXFileReference; lastKnownFileType = sourcecode.swift; path = MissingPermissionButton.swift; sourceTree = "<group>"; };
		0040658C2BA237D800E6339A /* PermissionService.swift */ = {isa = PBXFileReference; lastKnownFileType = sourcecode.swift; path = PermissionService.swift; sourceTree = "<group>"; };
		0040658E2BA2388C00E6339A /* AppDetailView.swift */ = {isa = PBXFileReference; lastKnownFileType = sourcecode.swift; path = AppDetailView.swift; sourceTree = "<group>"; };
		004065902BA23A4000E6339A /* MonitorService.swift */ = {isa = PBXFileReference; lastKnownFileType = sourcecode.swift; path = MonitorService.swift; sourceTree = "<group>"; };
		006949F02BA3A847006B2DE0 /* SettingsView.swift */ = {isa = PBXFileReference; lastKnownFileType = sourcecode.swift; path = SettingsView.swift; sourceTree = "<group>"; };
		00770C7E2BBB281E00A5AFEC /* PermissionView.swift */ = {isa = PBXFileReference; lastKnownFileType = sourcecode.swift; path = PermissionView.swift; sourceTree = "<group>"; };
		008B161A2BB18FCF00B6F4A0 /* Userdefaults_Ext.swift */ = {isa = PBXFileReference; lastKnownFileType = sourcecode.swift; path = Userdefaults_Ext.swift; sourceTree = "<group>"; };
		00AAEE4D2BC85BEB00B1D629 /* README.md */ = {isa = PBXFileReference; fileEncoding = 4; lastKnownFileType = net.daringfireball.markdown; path = README.md; sourceTree = SOURCE_ROOT; };
		00C065592BACCBF20073B657 /* BundleImage_Ext.swift */ = {isa = PBXFileReference; lastKnownFileType = sourcecode.swift; path = BundleImage_Ext.swift; sourceTree = "<group>"; };
		00C0655B2BACD8B20073B657 /* AboutView.swift */ = {isa = PBXFileReference; lastKnownFileType = sourcecode.swift; path = AboutView.swift; sourceTree = "<group>"; };
		00E5BF542BA8FDCB006393D3 /* Info.plist */ = {isa = PBXFileReference; lastKnownFileType = text.plist; path = Info.plist; sourceTree = "<group>"; };
		00FFEE6F2BB8498900E0D9E6 /* Logger.swift */ = {isa = PBXFileReference; lastKnownFileType = sourcecode.swift; path = Logger.swift; sourceTree = "<group>"; };
		00FFEE712BB84B5E00E0D9E6 /* Sandbox.swift */ = {isa = PBXFileReference; lastKnownFileType = sourcecode.swift; path = Sandbox.swift; sourceTree = "<group>"; };
/* End PBXFileReference section */

/* Begin PBXFrameworksBuildPhase section */
		004065612BA1FF8700E6339A /* Frameworks */ = {
			isa = PBXFrameworksBuildPhase;
			buildActionMask = 2147483647;
			files = (
				004065852BA21B8800E6339A /* LaunchAtLogin in Frameworks */,
				00E4E85F2BA50B94004C4DDB /* CodeViewer in Frameworks */,
			);
			runOnlyForDeploymentPostprocessing = 0;
		};
/* End PBXFrameworksBuildPhase section */

/* Begin PBXGroup section */
		0040655B2BA1FF8700E6339A = {
			isa = PBXGroup;
			children = (
				004065662BA1FF8700E6339A /* Goose */,
				004065652BA1FF8700E6339A /* Products */,
			);
			sourceTree = "<group>";
		};
		004065652BA1FF8700E6339A /* Products */ = {
			isa = PBXGroup;
			children = (
				004065642BA1FF8700E6339A /* Goose.app */,
			);
			name = Products;
			sourceTree = "<group>";
		};
		004065662BA1FF8700E6339A /* Goose */ = {
			isa = PBXGroup;
			children = (
				00AAEE4D2BC85BEB00B1D629 /* README.md */,
				000119EF2BAE141000CDA53D /* honk.mp3 */,
				00FFEE6E2BB8497500E0D9E6 /* Utilities */,
				00C065582BACCBBF0073B657 /* Extensions */,
				0040657E2BA1FFC300E6339A /* Service */,
				0040657B2BA1FF9A00E6339A /* Components */,
				004065692BA1FF8700E6339A /* ContentView.swift */,
				0040657C2BA1FFA900E6339A /* AppDelegate.swift */,
				004065672BA1FF8700E6339A /* GooseApp.swift */,
				0040656B2BA1FF8800E6339A /* Assets.xcassets */,
				00E5BF542BA8FDCB006393D3 /* Info.plist */,
				004065752BA1FF8800E6339A /* Goose.entitlements */,
				004065722BA1FF8800E6339A /* Goose.xcdatamodeld */,
				0040656D2BA1FF8800E6339A /* Preview Content */,
			);
			path = Goose;
			sourceTree = "<group>";
		};
		0040656D2BA1FF8800E6339A /* Preview Content */ = {
			isa = PBXGroup;
			children = (
				0040656E2BA1FF8800E6339A /* Preview Assets.xcassets */,
			);
			path = "Preview Content";
			sourceTree = "<group>";
		};
		0040657B2BA1FF9A00E6339A /* Components */ = {
			isa = PBXGroup;
			children = (
				0040657F2BA21B2200E6339A /* FloatingPanelView.swift */,
				004065812BA21B5A00E6339A /* AppMetadataView.swift */,
				004065882BA231A800E6339A /* MissingPermissionButton.swift */,
				0040658E2BA2388C00E6339A /* AppDetailView.swift */,
				006949F02BA3A847006B2DE0 /* SettingsView.swift */,
				001C544C2BA7070E0044FE3B /* StatusItem.swift */,
				00C0655B2BACD8B20073B657 /* AboutView.swift */,
				000119EB2BADFFB500CDA53D /* APISettingsView.swift */,
				001F1DCC2BB4699400B24D05 /* WelcomeView.swift */,
				00770C7E2BBB281E00A5AFEC /* PermissionView.swift */,
			);
			path = Components;
			sourceTree = "<group>";
		};
		0040657E2BA1FFC300E6339A /* Service */ = {
			isa = PBXGroup;
			children = (
				004065862BA22E2A00E6339A /* AppService.swift */,
				0040658C2BA237D800E6339A /* PermissionService.swift */,
				004065902BA23A4000E6339A /* MonitorService.swift */,
				001C544E2BA7082C0044FE3B /* StatusItemService.swift */,
				000119ED2BAE12E400CDA53D /* AudioPlayerService.swift */,
			);
			path = Service;
			sourceTree = "<group>";
		};
		00C065582BACCBBF0073B657 /* Extensions */ = {
			isa = PBXGroup;
			children = (
				00C065592BACCBF20073B657 /* BundleImage_Ext.swift */,
				008B161A2BB18FCF00B6F4A0 /* Userdefaults_Ext.swift */,
			);
			path = Extensions;
			sourceTree = "<group>";
		};
		00FFEE6E2BB8497500E0D9E6 /* Utilities */ = {
			isa = PBXGroup;
			children = (
				004065702BA1FF8800E6339A /* Persistence.swift */,
				00FFEE6F2BB8498900E0D9E6 /* Logger.swift */,
				00FFEE712BB84B5E00E0D9E6 /* Sandbox.swift */,
			);
			path = Utilities;
			sourceTree = "<group>";
		};
/* End PBXGroup section */

/* Begin PBXNativeTarget section */
		004065632BA1FF8700E6339A /* Goose */ = {
			isa = PBXNativeTarget;
			buildConfigurationList = 004065782BA1FF8800E6339A /* Build configuration list for PBXNativeTarget "Goose" */;
			buildPhases = (
				004065602BA1FF8700E6339A /* Sources */,
				004065612BA1FF8700E6339A /* Frameworks */,
				004065622BA1FF8700E6339A /* Resources */,
				00F3323B2BB308D000E0DB5B /* LaunchAtLogin script */,
			);
			buildRules = (
			);
			dependencies = (
			);
			name = Goose;
			packageProductDependencies = (
				004065842BA21B8800E6339A /* LaunchAtLogin */,
				00E4E85E2BA50B94004C4DDB /* CodeViewer */,
			);
			productName = Goose;
			productReference = 004065642BA1FF8700E6339A /* Goose.app */;
			productType = "com.apple.product-type.application";
		};
/* End PBXNativeTarget section */

/* Begin PBXProject section */
		0040655C2BA1FF8700E6339A /* Project object */ = {
			isa = PBXProject;
			attributes = {
				BuildIndependentTargetsInParallel = 1;
				LastSwiftUpdateCheck = 1520;
				LastUpgradeCheck = 1520;
				TargetAttributes = {
					004065632BA1FF8700E6339A = {
						CreatedOnToolsVersion = 15.2;
					};
				};
			};
			buildConfigurationList = 0040655F2BA1FF8700E6339A /* Build configuration list for PBXProject "Goose" */;
			compatibilityVersion = "Xcode 14.0";
			developmentRegion = en;
			hasScannedForEncodings = 0;
			knownRegions = (
				en,
				Base,
			);
			mainGroup = 0040655B2BA1FF8700E6339A;
			packageReferences = (
				004065832BA21B8800E6339A /* XCRemoteSwiftPackageReference "LaunchAtLogin" */,
				00E4E85D2BA50B94004C4DDB /* XCRemoteSwiftPackageReference "CodeViewer" */,
			);
			productRefGroup = 004065652BA1FF8700E6339A /* Products */;
			projectDirPath = "";
			projectRoot = "";
			targets = (
				004065632BA1FF8700E6339A /* Goose */,
			);
		};
/* End PBXProject section */

/* Begin PBXResourcesBuildPhase section */
		004065622BA1FF8700E6339A /* Resources */ = {
			isa = PBXResourcesBuildPhase;
			buildActionMask = 2147483647;
			files = (
				0040656F2BA1FF8800E6339A /* Preview Assets.xcassets in Resources */,
				00AAEE4E2BC85BEB00B1D629 /* README.md in Resources */,
				0040656C2BA1FF8800E6339A /* Assets.xcassets in Resources */,
				000119F02BAE141000CDA53D /* honk.mp3 in Resources */,
			);
			runOnlyForDeploymentPostprocessing = 0;
		};
/* End PBXResourcesBuildPhase section */

/* Begin PBXShellScriptBuildPhase section */
		00F3323B2BB308D000E0DB5B /* LaunchAtLogin script */ = {
			isa = PBXShellScriptBuildPhase;
			alwaysOutOfDate = 1;
			buildActionMask = 2147483647;
			files = (
			);
			inputFileListPaths = (
			);
			inputPaths = (
			);
			name = "LaunchAtLogin script";
			outputFileListPaths = (
			);
			outputPaths = (
			);
			runOnlyForDeploymentPostprocessing = 0;
			shellPath = /bin/sh;
			shellScript = "# Type a script or drag a script file from your workspace to insert its path.\n\"${BUILT_PRODUCTS_DIR}/LaunchAtLogin_LaunchAtLogin.bundle/Contents/Resources/copy-helper-swiftpm.sh\"\n";
		};
/* End PBXShellScriptBuildPhase section */

/* Begin PBXSourcesBuildPhase section */
		004065602BA1FF8700E6339A /* Sources */ = {
			isa = PBXSourcesBuildPhase;
			buildActionMask = 2147483647;
			files = (
				004065912BA23A4000E6339A /* MonitorService.swift in Sources */,
				00FFEE702BB8498900E0D9E6 /* Logger.swift in Sources */,
				004065712BA1FF8800E6339A /* Persistence.swift in Sources */,
				00770C7F2BBB281E00A5AFEC /* PermissionView.swift in Sources */,
				00C0655C2BACD8B20073B657 /* AboutView.swift in Sources */,
				004065892BA231A800E6339A /* MissingPermissionButton.swift in Sources */,
				0040658F2BA2388C00E6339A /* AppDetailView.swift in Sources */,
				001C544D2BA7070E0044FE3B /* StatusItem.swift in Sources */,
				004065822BA21B5A00E6339A /* AppMetadataView.swift in Sources */,
				0040656A2BA1FF8700E6339A /* ContentView.swift in Sources */,
				00C0655A2BACCBF20073B657 /* BundleImage_Ext.swift in Sources */,
				00FFEE722BB84B5E00E0D9E6 /* Sandbox.swift in Sources */,
				004065802BA21B2200E6339A /* FloatingPanelView.swift in Sources */,
				004065682BA1FF8700E6339A /* GooseApp.swift in Sources */,
				001C544F2BA7082C0044FE3B /* StatusItemService.swift in Sources */,
				008B161B2BB18FCF00B6F4A0 /* Userdefaults_Ext.swift in Sources */,
				001F1DCD2BB4699400B24D05 /* WelcomeView.swift in Sources */,
				000119EE2BAE12E400CDA53D /* AudioPlayerService.swift in Sources */,
				000119EC2BADFFB500CDA53D /* APISettingsView.swift in Sources */,
				004065872BA22E2A00E6339A /* AppService.swift in Sources */,
				0040657D2BA1FFA900E6339A /* AppDelegate.swift in Sources */,
				0040658D2BA237D800E6339A /* PermissionService.swift in Sources */,
				004065742BA1FF8800E6339A /* Goose.xcdatamodeld in Sources */,
				006949F12BA3A847006B2DE0 /* SettingsView.swift in Sources */,
			);
			runOnlyForDeploymentPostprocessing = 0;
		};
/* End PBXSourcesBuildPhase section */

/* Begin XCBuildConfiguration section */
		004065762BA1FF8800E6339A /* Debug */ = {
			isa = XCBuildConfiguration;
			buildSettings = {
				ALWAYS_SEARCH_USER_PATHS = NO;
				ASSETCATALOG_COMPILER_GENERATE_SWIFT_ASSET_SYMBOL_EXTENSIONS = YES;
				CLANG_ANALYZER_NONNULL = YES;
				CLANG_ANALYZER_NUMBER_OBJECT_CONVERSION = YES_AGGRESSIVE;
				CLANG_CXX_LANGUAGE_STANDARD = "gnu++20";
				CLANG_ENABLE_MODULES = YES;
				CLANG_ENABLE_OBJC_ARC = YES;
				CLANG_ENABLE_OBJC_WEAK = YES;
				CLANG_WARN_BLOCK_CAPTURE_AUTORELEASING = YES;
				CLANG_WARN_BOOL_CONVERSION = YES;
				CLANG_WARN_COMMA = YES;
				CLANG_WARN_CONSTANT_CONVERSION = YES;
				CLANG_WARN_DEPRECATED_OBJC_IMPLEMENTATIONS = YES;
				CLANG_WARN_DIRECT_OBJC_ISA_USAGE = YES_ERROR;
				CLANG_WARN_DOCUMENTATION_COMMENTS = YES;
				CLANG_WARN_EMPTY_BODY = YES;
				CLANG_WARN_ENUM_CONVERSION = YES;
				CLANG_WARN_INFINITE_RECURSION = YES;
				CLANG_WARN_INT_CONVERSION = YES;
				CLANG_WARN_NON_LITERAL_NULL_CONVERSION = YES;
				CLANG_WARN_OBJC_IMPLICIT_RETAIN_SELF = YES;
				CLANG_WARN_OBJC_LITERAL_CONVERSION = YES;
				CLANG_WARN_OBJC_ROOT_CLASS = YES_ERROR;
				CLANG_WARN_QUOTED_INCLUDE_IN_FRAMEWORK_HEADER = YES;
				CLANG_WARN_RANGE_LOOP_ANALYSIS = YES;
				CLANG_WARN_STRICT_PROTOTYPES = YES;
				CLANG_WARN_SUSPICIOUS_MOVE = YES;
				CLANG_WARN_UNGUARDED_AVAILABILITY = YES_AGGRESSIVE;
				CLANG_WARN_UNREACHABLE_CODE = YES;
				CLANG_WARN__DUPLICATE_METHOD_MATCH = YES;
				COPY_PHASE_STRIP = NO;
				DEBUG_INFORMATION_FORMAT = dwarf;
				ENABLE_STRICT_OBJC_MSGSEND = YES;
				ENABLE_TESTABILITY = YES;
				ENABLE_USER_SCRIPT_SANDBOXING = YES;
				GCC_C_LANGUAGE_STANDARD = gnu17;
				GCC_DYNAMIC_NO_PIC = NO;
				GCC_NO_COMMON_BLOCKS = YES;
				GCC_OPTIMIZATION_LEVEL = 0;
				GCC_PREPROCESSOR_DEFINITIONS = (
					"DEBUG=1",
					"$(inherited)",
				);
				GCC_WARN_64_TO_32_BIT_CONVERSION = YES;
				GCC_WARN_ABOUT_RETURN_TYPE = YES_ERROR;
				GCC_WARN_UNDECLARED_SELECTOR = YES;
				GCC_WARN_UNINITIALIZED_AUTOS = YES_AGGRESSIVE;
				GCC_WARN_UNUSED_FUNCTION = YES;
				GCC_WARN_UNUSED_VARIABLE = YES;
				LOCALIZATION_PREFERS_STRING_CATALOGS = YES;
				MACOSX_DEPLOYMENT_TARGET = 14.2;
				MTL_ENABLE_DEBUG_INFO = INCLUDE_SOURCE;
				MTL_FAST_MATH = YES;
				ONLY_ACTIVE_ARCH = YES;
				SDKROOT = macosx;
				SWIFT_ACTIVE_COMPILATION_CONDITIONS = "DEBUG $(inherited)";
				SWIFT_OPTIMIZATION_LEVEL = "-Onone";
			};
			name = Debug;
		};
		004065772BA1FF8800E6339A /* Release */ = {
			isa = XCBuildConfiguration;
			buildSettings = {
				ALWAYS_SEARCH_USER_PATHS = NO;
				ASSETCATALOG_COMPILER_GENERATE_SWIFT_ASSET_SYMBOL_EXTENSIONS = YES;
				CLANG_ANALYZER_NONNULL = YES;
				CLANG_ANALYZER_NUMBER_OBJECT_CONVERSION = YES_AGGRESSIVE;
				CLANG_CXX_LANGUAGE_STANDARD = "gnu++20";
				CLANG_ENABLE_MODULES = YES;
				CLANG_ENABLE_OBJC_ARC = YES;
				CLANG_ENABLE_OBJC_WEAK = YES;
				CLANG_WARN_BLOCK_CAPTURE_AUTORELEASING = YES;
				CLANG_WARN_BOOL_CONVERSION = YES;
				CLANG_WARN_COMMA = YES;
				CLANG_WARN_CONSTANT_CONVERSION = YES;
				CLANG_WARN_DEPRECATED_OBJC_IMPLEMENTATIONS = YES;
				CLANG_WARN_DIRECT_OBJC_ISA_USAGE = YES_ERROR;
				CLANG_WARN_DOCUMENTATION_COMMENTS = YES;
				CLANG_WARN_EMPTY_BODY = YES;
				CLANG_WARN_ENUM_CONVERSION = YES;
				CLANG_WARN_INFINITE_RECURSION = YES;
				CLANG_WARN_INT_CONVERSION = YES;
				CLANG_WARN_NON_LITERAL_NULL_CONVERSION = YES;
				CLANG_WARN_OBJC_IMPLICIT_RETAIN_SELF = YES;
				CLANG_WARN_OBJC_LITERAL_CONVERSION = YES;
				CLANG_WARN_OBJC_ROOT_CLASS = YES_ERROR;
				CLANG_WARN_QUOTED_INCLUDE_IN_FRAMEWORK_HEADER = YES;
				CLANG_WARN_RANGE_LOOP_ANALYSIS = YES;
				CLANG_WARN_STRICT_PROTOTYPES = YES;
				CLANG_WARN_SUSPICIOUS_MOVE = YES;
				CLANG_WARN_UNGUARDED_AVAILABILITY = YES_AGGRESSIVE;
				CLANG_WARN_UNREACHABLE_CODE = YES;
				CLANG_WARN__DUPLICATE_METHOD_MATCH = YES;
				COPY_PHASE_STRIP = NO;
				DEBUG_INFORMATION_FORMAT = "dwarf-with-dsym";
				ENABLE_NS_ASSERTIONS = NO;
				ENABLE_STRICT_OBJC_MSGSEND = YES;
				ENABLE_USER_SCRIPT_SANDBOXING = YES;
				GCC_C_LANGUAGE_STANDARD = gnu17;
				GCC_NO_COMMON_BLOCKS = YES;
				GCC_WARN_64_TO_32_BIT_CONVERSION = YES;
				GCC_WARN_ABOUT_RETURN_TYPE = YES_ERROR;
				GCC_WARN_UNDECLARED_SELECTOR = YES;
				GCC_WARN_UNINITIALIZED_AUTOS = YES_AGGRESSIVE;
				GCC_WARN_UNUSED_FUNCTION = YES;
				GCC_WARN_UNUSED_VARIABLE = YES;
				LOCALIZATION_PREFERS_STRING_CATALOGS = YES;
				MACOSX_DEPLOYMENT_TARGET = 14.2;
				MTL_ENABLE_DEBUG_INFO = NO;
				MTL_FAST_MATH = YES;
				SDKROOT = macosx;
				SWIFT_COMPILATION_MODE = wholemodule;
			};
			name = Release;
		};
		004065792BA1FF8800E6339A /* Debug */ = {
			isa = XCBuildConfiguration;
			buildSettings = {
				ASSETCATALOG_COMPILER_APPICON_NAME = AppIcon;
				ASSETCATALOG_COMPILER_GLOBAL_ACCENT_COLOR_NAME = AccentColor;
				ASSETCATALOG_COMPILER_INCLUDE_ALL_APPICON_ASSETS = YES;
				CODE_SIGN_ENTITLEMENTS = Goose/Goose.entitlements;
				CODE_SIGN_IDENTITY = "Apple Development";
				CODE_SIGN_STYLE = Manual;
				COMBINE_HIDPI_IMAGES = YES;
				CURRENT_PROJECT_VERSION = 9;
				DEBUG_INFORMATION_FORMAT = "dwarf-with-dsym";
				DEVELOPMENT_ASSET_PATHS = "\"Goose/Preview Content\"";
				DEVELOPMENT_TEAM = "";
				ENABLE_HARDENED_RUNTIME = YES;
				ENABLE_PREVIEWS = YES;
				ENABLE_USER_SCRIPT_SANDBOXING = NO;
				GENERATE_INFOPLIST_FILE = YES;
				INFOPLIST_FILE = Goose/Info.plist;
				INFOPLIST_KEY_CFBundleDisplayName = Goose;
				INFOPLIST_KEY_LSApplicationCategoryType = "public.app-category.utilities";
				INFOPLIST_KEY_NSHumanReadableCopyright = "";
				LD_RUNPATH_SEARCH_PATHS = (
					"$(inherited)",
					"@executable_path/../Frameworks",
				);
				MACOSX_DEPLOYMENT_TARGET = 12.0;
				MARKETING_VERSION = 1.1;
				OTHER_LDFLAGS = "-ObjC";
				PRODUCT_BUNDLE_IDENTIFIER = com.sahilchaddha.mac.goose;
				PRODUCT_NAME = "$(TARGET_NAME)";
				PROVISIONING_PROFILE_SPECIFIER = "";
				SWIFT_EMIT_LOC_STRINGS = YES;
				SWIFT_VERSION = 5.0;
			};
			name = Debug;
		};
		0040657A2BA1FF8800E6339A /* Release */ = {
			isa = XCBuildConfiguration;
			buildSettings = {
				ASSETCATALOG_COMPILER_APPICON_NAME = AppIcon;
				ASSETCATALOG_COMPILER_GLOBAL_ACCENT_COLOR_NAME = AccentColor;
				ASSETCATALOG_COMPILER_INCLUDE_ALL_APPICON_ASSETS = YES;
				CODE_SIGN_ENTITLEMENTS = Goose/Goose.entitlements;
				CODE_SIGN_IDENTITY = "Apple Development";
				CODE_SIGN_STYLE = Manual;
				COMBINE_HIDPI_IMAGES = YES;
				CURRENT_PROJECT_VERSION = 9;
				DEVELOPMENT_ASSET_PATHS = "\"Goose/Preview Content\"";
				DEVELOPMENT_TEAM = "";
				ENABLE_HARDENED_RUNTIME = YES;
				ENABLE_PREVIEWS = YES;
				ENABLE_USER_SCRIPT_SANDBOXING = NO;
				GENERATE_INFOPLIST_FILE = YES;
				INFOPLIST_FILE = Goose/Info.plist;
				INFOPLIST_KEY_CFBundleDisplayName = Goose;
				INFOPLIST_KEY_LSApplicationCategoryType = "public.app-category.utilities";
				INFOPLIST_KEY_NSHumanReadableCopyright = "";
				LD_RUNPATH_SEARCH_PATHS = (
					"$(inherited)",
					"@executable_path/../Frameworks",
				);
				MACOSX_DEPLOYMENT_TARGET = 12.0;
				MARKETING_VERSION = 1.1;
				OTHER_LDFLAGS = "-ObjC";
				PRODUCT_BUNDLE_IDENTIFIER = com.sahilchaddha.mac.goose;
				PRODUCT_NAME = "$(TARGET_NAME)";
				PROVISIONING_PROFILE_SPECIFIER = "";
				SWIFT_EMIT_LOC_STRINGS = YES;
				SWIFT_VERSION = 5.0;
			};
			name = Release;
		};
/* End XCBuildConfiguration section */

/* Begin XCConfigurationList section */
		0040655F2BA1FF8700E6339A /* Build configuration list for PBXProject "Goose" */ = {
			isa = XCConfigurationList;
			buildConfigurations = (
				004065762BA1FF8800E6339A /* Debug */,
				004065772BA1FF8800E6339A /* Release */,
			);
			defaultConfigurationIsVisible = 0;
			defaultConfigurationName = Release;
		};
		004065782BA1FF8800E6339A /* Build configuration list for PBXNativeTarget "Goose" */ = {
			isa = XCConfigurationList;
			buildConfigurations = (
				004065792BA1FF8800E6339A /* Debug */,
				0040657A2BA1FF8800E6339A /* Release */,
			);
			defaultConfigurationIsVisible = 0;
			defaultConfigurationName = Release;
		};
/* End XCConfigurationList section */

/* Begin XCRemoteSwiftPackageReference section */
		004065832BA21B8800E6339A /* XCRemoteSwiftPackageReference "LaunchAtLogin" */ = {
			isa = XCRemoteSwiftPackageReference;
			repositoryURL = "https://github.com/sindresorhus/LaunchAtLogin";
			requirement = {
				branch = main;
				kind = branch;
			};
		};
		00E4E85D2BA50B94004C4DDB /* XCRemoteSwiftPackageReference "CodeViewer" */ = {
			isa = XCRemoteSwiftPackageReference;
			repositoryURL = "https://github.com/dwarvesf/CodeViewer";
			requirement = {
				kind = upToNextMajorVersion;
				minimumVersion = 1.2.4;
			};
		};
/* End XCRemoteSwiftPackageReference section */

/* Begin XCSwiftPackageProductDependency section */
		004065842BA21B8800E6339A /* LaunchAtLogin */ = {
			isa = XCSwiftPackageProductDependency;
			package = 004065832BA21B8800E6339A /* XCRemoteSwiftPackageReference "LaunchAtLogin" */;
			productName = LaunchAtLogin;
		};
		00E4E85E2BA50B94004C4DDB /* CodeViewer */ = {
			isa = XCSwiftPackageProductDependency;
			package = 00E4E85D2BA50B94004C4DDB /* XCRemoteSwiftPackageReference "CodeViewer" */;
			productName = CodeViewer;
		};
/* End XCSwiftPackageProductDependency section */

/* Begin XCVersionGroup section */
		004065722BA1FF8800E6339A /* Goose.xcdatamodeld */ = {
			isa = XCVersionGroup;
			children = (
				004065732BA1FF8800E6339A /* Goose.xcdatamodel */,
			);
			currentVersion = 004065732BA1FF8800E6339A /* Goose.xcdatamodel */;
			path = Goose.xcdatamodeld;
			sourceTree = "<group>";
			versionGroupType = wrapper.xcdatamodel;
		};
/* End XCVersionGroup section */
	};
	rootObject = 0040655C2BA1FF8700E6339A /* Project object */;
}
